
Microsoft Visual Studio Solution File, Format Version 12.00
# Visual Studio 2013
VisualStudioVersion = 12.0.40629.0
MinimumVisualStudioVersion = 10.0.40219.1
Project("{FAE04EC0-301F-11D3-BF4B-00C04F79EFBC}") = "VEF.XForms", "VEF.XForms\VEF.XForms.csproj", "{EA778E5D-9E44-4709-A53C-3D28C2E68078}"
EndProject
Project("{FAE04EC0-301F-11D3-BF4B-00C04F79EFBC}") = "VEF.Core.WPF", "VEF.Core.WPF\VEF.Core.WPF.csproj", "{26546670-9B56-4E2C-A968-69EF1B97C1F3}"
EndProject
Project("{FAE04EC0-301F-11D3-BF4B-00C04F79EFBC}") = "Themes.WPF.Default", "Themes\Themes.WPF.Default\Themes.WPF.Default.csproj", "{DE89D67D-A35E-4958-95BD-101B93D6CA0B}"
EndProject
Global
	GlobalSection(SolutionConfigurationPlatforms) = preSolution
		Debug|Any CPU = Debug|Any CPU
		Release|Any CPU = Release|Any CPU
	EndGlobalSection
	GlobalSection(ProjectConfigurationPlatforms) = postSolution
		{EA778E5D-9E44-4709-A53C-3D28C2E68078}.Debug|Any CPU.ActiveCfg = Debug|Any CPU
		{EA778E5D-9E44-4709-A53C-3D28C2E68078}.Debug|Any CPU.Build.0 = Debug|Any CPU
		{EA778E5D-9E44-4709-A53C-3D28C2E68078}.Release|Any CPU.ActiveCfg = Release|Any CPU
		{EA778E5D-9E44-4709-A53C-3D28C2E68078}.Release|Any CPU.Build.0 = Release|Any CPU
		{26546670-9B56-4E2C-A968-69EF1B97C1F3}.Debug|Any CPU.ActiveCfg = Debug|Any CPU
		{26546670-9B56-4E2C-A968-69EF1B97C1F3}.Debug|Any CPU.Build.0 = Debug|Any CPU
		{26546670-9B56-4E2C-A968-69EF1B97C1F3}.Release|Any CPU.ActiveCfg = Release|Any CPU
		{26546670-9B56-4E2C-A968-69EF1B97C1F3}.Release|Any CPU.Build.0 = Release|Any CPU
		{DE89D67D-A35E-4958-95BD-101B93D6CA0B}.Debug|Any CPU.ActiveCfg = Debug|Any CPU
		{DE89D67D-A35E-4958-95BD-101B93D6CA0B}.Debug|Any CPU.Build.0 = Debug|Any CPU
		{DE89D67D-A35E-4958-95BD-101B93D6CA0B}.Release|Any CPU.ActiveCfg = Release|Any CPU
		{DE89D67D-A35E-4958-95BD-101B93D6CA0B}.Release|Any CPU.Build.0 = Release|Any CPU
	EndGlobalSection
	GlobalSection(SolutionProperties) = preSolution
		HideSolutionNode = FALSE
	EndGlobalSection
EndGlobal
